
Microsoft Visual Studio Solution File, Format Version 12.00
# Visual Studio Version 17
VisualStudioVersion = 17.0.31521.260
MinimumVisualStudioVersion = 10.0.40219.1
Project("{FAE04EC0-301F-11D3-BF4B-00C04F79EFBC}") = "Stickers", "Stickers\Stickers.csproj", "{CCE30A28-84C3-47E4-8129-1292DE21C96D}"
EndProject
Global
	GlobalSection(SolutionConfigurationPlatforms) = preSolution
		Debug|Any CPU = Debug|Any CPU
		Release|Any CPU = Release|Any CPU
	EndGlobalSection
	GlobalSection(ProjectConfigurationPlatforms) = postSolution
		{CCE30A28-84C3-47E4-8129-1292DE21C96D}.Debug|Any CPU.ActiveCfg = Debug|Any CPU
		{CCE30A28-84C3-47E4-8129-1292DE21C96D}.Debug|Any CPU.Build.0 = Debug|Any CPU
		{CCE30A28-84C3-47E4-8129-1292DE21C96D}.Release|Any CPU.ActiveCfg = Release|Any CPU
		{CCE30A28-84C3-47E4-8129-1292DE21C96D}.Release|Any CPU.Build.0 = Release|Any CPU
	EndGlobalSection
	GlobalSection(SolutionProperties) = preSolution
		HideSolutionNode = FALSE
	EndGlobalSection
	GlobalSection(ExtensibilityGlobals) = postSolution
		SolutionGuid = {F87850F6-48C7-4313-8E4C-EE94D06E22FA}
	EndGlobalSection
EndGlobal
